
Microsoft Visual Studio Solution File, Format Version 12.00
# Visual Studio Version 16
VisualStudioVersion = 16.0.31129.286
MinimumVisualStudioVersion = 10.0.40219.1
Project("{FAE04EC0-301F-11D3-BF4B-00C04F79EFBC}") = "LibraryApp", "LibraryApp\LibraryApp.csproj", "{793ED845-7420-43FB-B974-CE0A4DFE71FE}"
EndProject
Project("{FAE04EC0-301F-11D3-BF4B-00C04F79EFBC}") = "LibraryApp.Test", "LibraryApp.Test\LibraryApp.Test.csproj", "{7363FCEB-74B7-425F-B3AF-273DDF7038F4}"
EndProject
Global
	GlobalSection(SolutionConfigurationPlatforms) = preSolution
		Debug|Any CPU = Debug|Any CPU
		Release|Any CPU = Release|Any CPU
	EndGlobalSection
	GlobalSection(ProjectConfigurationPlatforms) = postSolution
		{793ED845-7420-43FB-B974-CE0A4DFE71FE}.Debug|Any CPU.ActiveCfg = Debug|Any CPU
		{793ED845-7420-43FB-B974-CE0A4DFE71FE}.Debug|Any CPU.Build.0 = Debug|Any CPU
		{793ED845-7420-43FB-B974-CE0A4DFE71FE}.Release|Any CPU.ActiveCfg = Release|Any CPU
		{793ED845-7420-43FB-B974-CE0A4DFE71FE}.Release|Any CPU.Build.0 = Release|Any CPU
		{7363FCEB-74B7-425F-B3AF-273DDF7038F4}.Debug|Any CPU.ActiveCfg = Debug|Any CPU
		{7363FCEB-74B7-425F-B3AF-273DDF7038F4}.Debug|Any CPU.Build.0 = Debug|Any CPU
		{7363FCEB-74B7-425F-B3AF-273DDF7038F4}.Release|Any CPU.ActiveCfg = Release|Any CPU
		{7363FCEB-74B7-425F-B3AF-273DDF7038F4}.Release|Any CPU.Build.0 = Release|Any CPU
	EndGlobalSection
	GlobalSection(SolutionProperties) = preSolution
		HideSolutionNode = FALSE
	EndGlobalSection
	GlobalSection(ExtensibilityGlobals) = postSolution
		SolutionGuid = {88A0504E-CE41-4F78-B35A-9E75CC89D756}
	EndGlobalSection
EndGlobal
